{
  "lockfileVersion": 2,
  "configVersion": 0,
  "workspaces": {
    "": {
      "dependencies": {
        "@svar-ui/react-gantt": "^2.7.1",
        "esbuild": "^0.28.2",
        "jspdf": "^4.2.1",
        "react": "^19.2.8",
        "react-dom": "^19.2.8",
        "wx-react-gantt": "^1.3.1",
      },
    },
  },
  "packages": {
    "@babel/runtime": ["@babel/runtime@7.29.7", "", {}, "sha512-Nq8OhGWiZIZGV6hLHoyAKLLcJihP/xFeBMGJoUrxTX2psI8dCifzLhZISFb+VWS3wFMRDmCGw5R+dOySCqPLhw=="],

    "@esbuild/aix-ppc64": ["@esbuild/aix-ppc64@0.28.2", "", { "os": "aix", "cpu": "ppc64" }, "sha512-XExcO+dvLKvVtNTibSTBej1NCAbaGhWn9Ww1ZPx80qsahhPFe/8jgWP0IchNe0F3HwkU7n8ejhH8bjonqht8mQ=="],

    "@esbuild/android-arm": ["@esbuild/android-arm@0.28.2", "", { "os": "android", "cpu": "arm" }, "sha512-kXXoiPVVGQcnIYGOeaovwOURpniDBpSq4A03qkQ+BMQqtGG6HYap3xne9C1O1yo4TR3qxlCX5IqqmX6fFo2Lqg=="],

    "@esbuild/android-arm64": ["@esbuild/android-arm64@0.28.2", "", { "os": "android", "cpu": "arm64" }, "sha512-5YfKeeI8qWfBZIX+u2xZC3Zlb3Os/gLS2sbEKM+I4ZOcsWmHS2WLysCcQZDAFRslDUU5Oiq44gf6PYN1vGwG5A=="],

    "@esbuild/android-x64": ["@esbuild/android-x64@0.28.2", "", { "os": "android", "cpu": "x64" }, "sha512-O387ite7SzUyCcy3JQX4P4bLtEA7bLLkx+esve5JHnyYfNTxcVpXZo9jhdB0lTKN44gztELTdU7nS8Nr16Fs1Q=="],

    "@esbuild/darwin-arm64": ["@esbuild/darwin-arm64@0.28.2", "", { "os": "darwin", "cpu": "arm64" }, "sha512-n4KqkOQrraxHJcgjM1RvwbigfQKIKJVpM7xp+KsxiyUSrRdIXnt73VhrPAx0fV44hgfmIVKjxMN9J1t5jySVkw=="],

    "@esbuild/darwin-x64": ["@esbuild/darwin-x64@0.28.2", "", { "os": "darwin", "cpu": "x64" }, "sha512-uq6suIWYP37qzGddBKPw5QEQPi6HiLGsO7UmkpfyaYNQ3D+rN6w6WfwH+nuqcGXWvawGwxOEroO4YGnFh95azw=="],

    "@esbuild/freebsd-arm64": ["@esbuild/freebsd-arm64@0.28.2", "", { "os": "freebsd", "cpu": "arm64" }, "sha512-n+I0BTSRIoy+d6RPKnEVwql5UwBJolytvY4mAOIEJorKlqgPII8ix6slVVrfZ5Tnj7glIZvloylbB/EJPMWEXw=="],

    "@esbuild/freebsd-x64": ["@esbuild/freebsd-x64@0.28.2", "", { "os": "freebsd", "cpu": "x64" }, "sha512-78XJTJkvPs0kz2w61301PJjXl4g7q3JqiYMZ/M/yVI73EHBrCRTgkhu9oqG7vPqq+a/yadEW8aD+agKlk5xrmg=="],

    "@esbuild/linux-arm": ["@esbuild/linux-arm@0.28.2", "", { "os": "linux", "cpu": "arm" }, "sha512-XlDnu2q5yoqems+xay6wSAcg9DDD7K9RLKZEBOMZm3ckNpJBvOX20tSfby8KfrrhINDyv9V2YVZKY/SpoGJI8w=="],

    "@esbuild/linux-arm64": ["@esbuild/linux-arm64@0.28.2", "", { "os": "linux", "cpu": "arm64" }, "sha512-pW4AC0P3it8c7do9MVM4p51FzHzdM/TZrerurgRcHJ2WTa1VQ1CIq18xncfpBJw4ojkiZZrKW2yIBWBP92j6Ug=="],

    "@esbuild/linux-ia32": ["@esbuild/linux-ia32@0.28.2", "", { "os": "linux", "cpu": "ia32" }, "sha512-CYbnj78HsIeA+DhgUKgFCfvNsTHFhMMrinUrMZpDXJXKN8T3XViTZ/+wtHeVxEWY8ewSzTFN+nRmSwO2tZaLUQ=="],

    "@esbuild/linux-loong64": ["@esbuild/linux-loong64@0.28.2", "", { "os": "linux", "cpu": "none" }, "sha512-buwkd8nsph4R+ajRvw0qM5Hja/TXQow3ptzWO2EbG/cqcIkHloRrdlBtQlshyYGTNFvfkfJ5tpPLVkY4DtsPfQ=="],

    "@esbuild/linux-mips64el": ["@esbuild/linux-mips64el@0.28.2", "", { "os": "linux", "cpu": "none" }, "sha512-ZVykbDyk7519VwiNb9Lcj9m8XM6v5V9uKPvrEMkkEedVewf+0itkhahp4HDpgERXhwLRpWFypsGbG/J8s0QjJA=="],

    "@esbuild/linux-ppc64": ["@esbuild/linux-ppc64@0.28.2", "", { "os": "linux", "cpu": "ppc64" }, "sha512-CAXl+Dtd9UUuJd8pKKdwh6MLm3MUMiqMPmhZ3tTSXPqfyQ3vDl6R5hZdZ/kYojK4ofXtdfSv1tFq8XzWx3heNQ=="],

    "@esbuild/linux-riscv64": ["@esbuild/linux-riscv64@0.28.2", "", { "os": "linux", "cpu": "none" }, "sha512-GeXCej4IQtU1B+QlDV8W/RRvbzI3O/Stss+/bCXv4lZls5WGRtu2a+3JkA3i4qIUlMXpcHebWpF8AkJhATowuA=="],

    "@esbuild/linux-s390x": ["@esbuild/linux-s390x@0.28.2", "", { "os": "linux", "cpu": "s390x" }, "sha512-3H1weTYZPxt/WOhByszQZybS9w5lKzUn1FDMsgEChbHWQwHYQQRfBxgCcZvPhjHfKyJjIievvMmEUawJrdY9Dg=="],

    "@esbuild/linux-x64": ["@esbuild/linux-x64@0.28.2", "", { "os": "linux", "cpu": "x64" }, "sha512-4xTZr1FUmSoQW4XIWmit3tzQrUTZM+N3P0XV8xROKYF50XfI7xeO90+1bZvNwxIufQ9hDQVRJH5YhgPVF8A/HQ=="],

    "@esbuild/netbsd-arm64": ["@esbuild/netbsd-arm64@0.28.2", "", { "os": "none", "cpu": "arm64" }, "sha512-sSATRjPeDBg3pdgHoQfoYBob11Kk1FGa9lui5RIHZCoCkJa9QKlvl3/vKz2usCmYYjs7ymJR/2Nnsqe+Hjt5nw=="],

    "@esbuild/netbsd-x64": ["@esbuild/netbsd-x64@0.28.2", "", { "os": "none", "cpu": "x64" }, "sha512-lqnzCV+mM0gIADaKihiCg6ifgfU2L3h5E33rNQBN1Y4MaVGnzryzmvvf7UHxprpQdE8hpqLolJ9Rl+SkIRDpyw=="],

    "@esbuild/openbsd-arm64": ["@esbuild/openbsd-arm64@0.28.2", "", { "os": "openbsd", "cpu": "arm64" }, "sha512-AL2qJILH7lNjrDmCQDvdxMfAUIv8KMNZOvrwAQ8i8//ntL9FflhOyMJ8OZSMBb8/AWXe3/5v5S20y3zCoZWKoQ=="],

    "@esbuild/openbsd-x64": ["@esbuild/openbsd-x64@0.28.2", "", { "os": "openbsd", "cpu": "x64" }, "sha512-QtiuPytchRyC4rwUKhexJdQKvDuZ6hWloi3igqPQNUJCS1/v9EiO3UTOXR6A3FoMo4fnAKbWJdqaIwhOzh8qEw=="],

    "@esbuild/openharmony-arm64": ["@esbuild/openharmony-arm64@0.28.2", "", { "os": "none", "cpu": "arm64" }, "sha512-WkhYDmpTjLvGlScA1rwjRUmhl4k8oXR3cIbtqWmELgU/dFeHHlEllxDvdWcNJV9rbzCexB5vz8gtNewWLgCT7Q=="],

    "@esbuild/sunos-x64": ["@esbuild/sunos-x64@0.28.2", "", { "os": "sunos", "cpu": "x64" }, "sha512-GPMSkTOtMnv2U2F8gxe4Io6qmVs+YKyp832Etqqxr0hFngmXQ3rzwytelm3GIn7T4VviRUlf3sOgBOiTdvaf7g=="],

    "@esbuild/win32-arm64": ["@esbuild/win32-arm64@0.28.2", "", { "os": "win32", "cpu": "arm64" }, "sha512-PIhhEkE9uPBleRBrQEJpUn7MBnibZzbGzYWPmY3x+YoVg/95zbjB4CxPPOQ8l5tYYM4mMaCthF8/1DIfBQQyWQ=="],

    "@esbuild/win32-ia32": ["@esbuild/win32-ia32@0.28.2", "", { "os": "win32", "cpu": "ia32" }, "sha512-YmJbfTlvU7Sdn9BB+4PRES4oB6pxgS37MAONj+hBr/cpXS1aBPKXxNnDbu+QCWPj0o9dgyxeq79g6c5P8KeuYA=="],

    "@esbuild/win32-x64": ["@esbuild/win32-x64@0.28.2", "", { "os": "win32", "cpu": "x64" }, "sha512-5ebpxr3nWMzrL/rnUI755Jkuee0bHL/Gq0WTF9lvcpv73wAp5eu8MfBUgWK9bhWvZjj7yX8etf/8tI8Ney695g=="],

    "@svar-ui/comments-locales": ["@svar-ui/comments-locales@2.6.0", "", {}, "sha512-ctpmaE0BN2sXRc9MuCMzIut/2Piudnsxno7RoadJ8uIe3bZGRRSZfDW+kJ5pWgYmgdofLlWawTr3PCNjxt7R3w=="],

    "@svar-ui/core-locales": ["@svar-ui/core-locales@2.6.0", "", {}, "sha512-Sma/BkR3we76Ix/67NmSh511yvtKVpi8LFK06ZbWSiC3xEsCSoKsJ5AtLmi8dxaXPa5HuCWI/jMwJsKRwQ0F2Q=="],

    "@svar-ui/editor-locales": ["@svar-ui/editor-locales@2.6.0", "", {}, "sha512-xgLLHMi1rvIor+X9u3JChNEkjztZZxpwfpsUocUBIZ07jKqu+h0a/4Vqyue9ZMq3gIq2oyo+HP5Q9Ydb44CrqQ=="],

    "@svar-ui/filter-locales": ["@svar-ui/filter-locales@2.6.0", "", {}, "sha512-EQAadVLtpCMjch38T+EcgkX8GXt72MwT04DOSL0G4ZG2roTzgOEKsUV53tfZFiFyamUFnQRY2Hs9IEZApfHzLQ=="],

    "@svar-ui/filter-store": ["@svar-ui/filter-store@2.6.0", "", { "dependencies": { "@svar-ui/lib-state": "1.9.6" } }, "sha512-IJzSTMSCyFDP5uF3ZskJODqeXQSn2v8bj8LCHEeCYv8lSVAWXis6iJ8ZBusf95OtV+omO5jpTe6ugZYZpaFTrA=="],

    "@svar-ui/gantt-data-provider": ["@svar-ui/gantt-data-provider@2.7.1", "", { "dependencies": { "@svar-ui/lib-data-provider": "1.7.1" } }, "sha512-Cdn1QPgAtN3NwSXu6LEHfwA3FSV8PHER9ODwnbXCZ1vyCwLys+9Y8OjN8aCnx9vh5LqGDXwEmK5MZffW2JjTXg=="],

    "@svar-ui/gantt-locales": ["@svar-ui/gantt-locales@2.7.1", "", {}, "sha512-+4vwLmg1YioXjglI1Ne1tK+AeHqLiEEryjAFBpy3b25hTiAAT/WSsSUBA7ZwrVRq0aFR66GeYny8Ltg7tjwrtw=="],

    "@svar-ui/gantt-store": ["@svar-ui/gantt-store@2.7.1", "", { "dependencies": { "@svar-ui/lib-state": "1.9.7", "date-fns": "3.6.0" } }, "sha512-21oGlS7JUXq1+J1wcjlZBmeq88w/+6vlZYy07qpLjVOhrJz92IhIMbVWo9/oFTcSLb4zcCEJcIsiKJ4F9WZcWA=="],

    "@svar-ui/grid-data-provider": ["@svar-ui/grid-data-provider@2.7.1", "", { "dependencies": { "@svar-ui/lib-data-provider": "1.7.2" } }, "sha512-smPXRTm8Qhb6xmLv403blTLnBgNvwie5UAE+b94Pqh2Fly3KnH7l2ZIH5qSfdnUXFBzZDBBxXvBgkuWrdW+yMg=="],

    "@svar-ui/grid-locales": ["@svar-ui/grid-locales@2.7.1", "", {}, "sha512-TNcDdA/QbS/mPhrFJAifXGmq2IBzUsnmm2NhLn9Ps6LbBN5Sz9O+UcE2dzMxQW67XFDr0EJS1iQirqbf13MYNA=="],

    "@svar-ui/grid-store": ["@svar-ui/grid-store@2.7.1", "", { "dependencies": { "@svar-ui/lib-dom": "0.12.1", "@svar-ui/lib-state": "1.9.6" } }, "sha512-H83DInIOFIefaZN3wNHfi81nnHM/hFsv7qY9pWYZMINWZ6sVWoEBSCksg8nGw00h/CsT0dMHlqtIOTe5xZl1kg=="],

    "@svar-ui/lib-data-provider": ["@svar-ui/lib-data-provider@1.7.1", "", { "dependencies": { "@svar-ui/lib-state": "1.9.6" } }, "sha512-5Bi9ywngcMTKpGtan0s7q8ivd84Bp0ZnRP+5bLZg6oiRB7YMyN5D5X+apc3CWDAnG4zZn3en4YwS2qc/aHIIuQ=="],

    "@svar-ui/lib-dom": ["@svar-ui/lib-dom@0.13.1", "", {}, "sha512-e9+RIEkppVkAUJqfHEr7KmiVXi3uf+qddr513h5mhgSx3PNYtG9eHwtI8OQf4JMc6Hvuu3y0iv+fL6jqE340yw=="],

    "@svar-ui/lib-react": ["@svar-ui/lib-react@1.3.0", "", { "dependencies": { "@svar-ui/lib-dom": "^0.12.1" } }, "sha512-jVcREYAMAXOhZB/lbMmLteGKIZoUW3rzmoXCMcFLGcHIGUH7AjFrKOAG/SJvgV0grcG9XyuRTG3jp++6NIGtuw=="],

    "@svar-ui/lib-state": ["@svar-ui/lib-state@1.9.7", "", {}, "sha512-nxRdk+54m1RJjGT2yDH7NjxAM5KECxA39kdTZezEIj1ixykyefssB9BrgxKy2jIseYxJMtd6lPZvQ3SZXuvn2g=="],

    "@svar-ui/react-comments": ["@svar-ui/react-comments@2.6.0", "", { "dependencies": { "@svar-ui/comments-locales": "2.6.0", "@svar-ui/core-locales": "2.6.0", "@svar-ui/lib-data-provider": "1.7.1", "@svar-ui/lib-dom": "0.13.1", "@svar-ui/lib-state": "1.9.7", "@svar-ui/react-core": "2.6.0", "@svar-ui/react-menu": "2.6.0" }, "peerDependencies": { "react": ">=18", "react-dom": ">=18" } }, "sha512-58V9iqxC3RtRB4M37B9EE4c0RdZJ/VW5uA4yIIbuctdHOLbRDhp0WsVwBhQSMF16VXbxwDY5LL3v32TkPWRyZA=="],

    "@svar-ui/react-core": ["@svar-ui/react-core@2.6.0", "", { "dependencies": { "@svar-ui/core-locales": "2.6.0", "@svar-ui/lib-dom": "0.13.1", "@svar-ui/lib-react": "1.2.2" }, "peerDependencies": { "react": ">=18", "react-dom": ">=18" } }, "sha512-9y3SfwZjGDgMxfJYZvnT4UA9ebPuIyKiGmVQR2vqvJQ4qxiXuXLPDxIxV08tDcPM57j+fN1bWRMaZLmg50ucoQ=="],

    "@svar-ui/react-editor": ["@svar-ui/react-editor@2.6.0", "", { "dependencies": { "@svar-ui/editor-locales": "2.6.0", "@svar-ui/lib-dom": "0.13.1", "@svar-ui/lib-state": "1.9.7", "@svar-ui/react-comments": "2.6.0", "@svar-ui/react-core": "2.6.0", "@svar-ui/react-tasklist": "2.6.0", "@svar-ui/react-toolbar": "2.6.0" }, "peerDependencies": { "react": ">=18", "react-dom": ">=18" } }, "sha512-pSx2bIPOjdJJAkaypeogXNCLblBHbk1/wRB6WV8tQEGbZUhhSYBL+h+T9LlUeUA7PH2DCS4NSak1WPzTy3PN0g=="],

    "@svar-ui/react-filter": ["@svar-ui/react-filter@2.6.0", "", { "dependencies": { "@svar-ui/filter-locales": "2.6.0", "@svar-ui/filter-store": "2.6.0", "@svar-ui/lib-dom": "0.13.1", "@svar-ui/lib-react": "1.3.0", "@svar-ui/lib-state": "1.9.7", "@svar-ui/react-core": "2.6.0", "@svar-ui/react-menu": "2.6.0" }, "peerDependencies": { "react": ">=18", "react-dom": ">=18" } }, "sha512-E4PlRzA9KoW4DmB7XDZ8uAwJHNYP2rwUq/H2KFnUKZZ4j3U4JuTvvho6lk8NbRZonIu4S5Jqj50YLUT4N1vhBw=="],

    "@svar-ui/react-gantt": ["@svar-ui/react-gantt@2.7.1", "", { "dependencies": { "@svar-ui/core-locales": "2.6.0", "@svar-ui/gantt-data-provider": "2.7.1", "@svar-ui/gantt-locales": "2.7.1", "@svar-ui/gantt-store": "2.7.1", "@svar-ui/grid-store": "2.7.1", "@svar-ui/lib-dom": "0.13.1", "@svar-ui/lib-react": "1.3.0", "@svar-ui/lib-state": "1.9.7", "@svar-ui/react-comments": "2.6.0", "@svar-ui/react-core": "2.6.0", "@svar-ui/react-editor": "2.6.0", "@svar-ui/react-filter": "2.6.0", "@svar-ui/react-grid": "2.7.2", "@svar-ui/react-menu": "2.6.0", "@svar-ui/react-tasklist": "2.6.0", "@svar-ui/react-toolbar": "2.6.0", "date-fns": "3.6.0" }, "peerDependencies": { "react": ">=18", "react-dom": ">=18" } }, "sha512-DWxHISNhXjn1qKQirkg20AL1maUBve04pRBDbYhzew9MlcUzh4VPCJLqLr2dze3XAJk5h1GFWYu9K4GRVDnqgw=="],

    "@svar-ui/react-grid": ["@svar-ui/react-grid@2.7.2", "", { "dependencies": { "@svar-ui/grid-data-provider": "2.7.1", "@svar-ui/grid-locales": "2.7.1", "@svar-ui/grid-store": "2.7.1", "@svar-ui/lib-dom": "0.13.1", "@svar-ui/lib-react": "1.3.0", "@svar-ui/lib-state": "1.9.7", "@svar-ui/react-core": "2.6.0", "@svar-ui/react-editor": "2.6.0", "@svar-ui/react-filter": "2.6.0", "@svar-ui/react-menu": "2.6.0" }, "peerDependencies": { "react": ">=18", "react-dom": ">=18" } }, "sha512-fc54eDm3MgdFhLkJauF1Bz/5CaTynSxxJdtrOsjYiTIMtMxUZ3wtIQIW0nksREW+fAOTvP2hTSlVClUDuIoCDA=="],

    "@svar-ui/react-menu": ["@svar-ui/react-menu@2.6.0", "", { "dependencies": { "@svar-ui/core-locales": "2.6.0", "@svar-ui/lib-dom": "0.13.1", "@svar-ui/react-core": "2.6.0" }, "peerDependencies": { "react": ">=18", "react-dom": ">=18" } }, "sha512-2Z95S2gzqgxWEAXw8AMMkZ/NITLseXH+7lgdyT23E1/RYMOQhjOdjl3GBeIBHWpN8UUFGtd63ULZrwA8cMViSQ=="],

    "@svar-ui/react-tasklist": ["@svar-ui/react-tasklist@2.6.0", "", { "dependencies": { "@svar-ui/lib-data-provider": "1.7.1", "@svar-ui/lib-dom": "0.13.1", "@svar-ui/lib-state": "1.9.7", "@svar-ui/react-core": "2.6.0", "@svar-ui/tasklist-locales": "2.6.0" }, "peerDependencies": { "react": ">=18", "react-dom": ">=18" } }, "sha512-oIU1wpT2kZujZkPjin2GQVnb1+5EYQp7flO8LsOf+R8043WHucUGtnJn4bmrRDujjklWZa+ySXEhfrGYj7vu5A=="],

    "@svar-ui/react-toolbar": ["@svar-ui/react-toolbar@2.6.0", "", { "dependencies": { "@svar-ui/core-locales": "2.6.0", "@svar-ui/lib-dom": "0.13.1", "@svar-ui/react-core": "2.6.0" }, "peerDependencies": { "react": ">=18", "react-dom": ">=18" } }, "sha512-Jt4fg5OifGub6claWKwJTx2jBTBRIwpEXvSUQ5h/PVG6IGQpeyJgaqbPHsILw3oM/QZkdax8nxOZ+RoI2efEsQ=="],

    "@svar-ui/tasklist-locales": ["@svar-ui/tasklist-locales@2.6.0", "", {}, "sha512-0VxhXVJJPFrfWiyLin5QrdRbp/9ESK74S3y7vmTmha17hLnI9kiz7+CNT4K4B98mSyS2KzD2BrPej5bhsZ7f8w=="],

    "@types/pako": ["@types/pako@2.0.4", "", {}, "sha512-VWDCbrLeVXJM9fihYodcLiIv0ku+AlOa/TQ1SvYOaBuyrSKgEcro95LJyIsJ4vSo6BXIxOKxiJAat04CmST9Fw=="],

    "@types/raf": ["@types/raf@3.4.3", "", {}, "sha512-c4YAvMedbPZ5tEyxzQdMoOhhJ4RD3rngZIdwC2/qDN3d7JpEhB6fiBRKVY1lg5B7Wk+uPBjn5f39j1/2MY1oOw=="],

    "@types/trusted-types": ["@types/trusted-types@2.0.7", "", {}, "sha512-ScaPdn1dQczgbl0QFTeTOmVHFULt394XJgOQNoyVhZ6r2vLnMLJfBPd53SB52T/3G36VI1/g2MZaX0cwDuXsfw=="],

    "base64-arraybuffer": ["base64-arraybuffer@1.0.2", "", {}, "sha512-I3yl4r9QB5ZRY3XuJVEPfc2XhZO6YweFPI+UovAzn+8/hb3oJ6lnysaFcjVpkCPfVWFUDvoZ8kmVDP7WyRtYtQ=="],

    "canvg": ["canvg@3.0.11", "", { "dependencies": { "@babel/runtime": "^7.12.5", "@types/raf": "^3.4.0", "core-js": "^3.8.3", "raf": "^3.4.1", "regenerator-runtime": "^0.13.7", "rgbcolor": "^1.0.1", "stackblur-canvas": "^2.0.0", "svg-pathdata": "^6.0.3" } }, "sha512-5ON+q7jCTgMp9cjpu4Jo6XbvfYwSB2Ow3kzHKfIyJfaCAOHLbdKPQqGKgfED/R5B+3TFFfe8pegYA+b423SRyA=="],

    "core-js": ["core-js@3.50.0", "", {}, "sha512-BRWgOLKkFeCgRudR6zrs8p9XJZcE14grzKMMssoYrk6krtuEZ7MTKPIY5RzOnqsEKIR9kst7wNzphttraT+Yqw=="],

    "css-line-break": ["css-line-break@2.1.0", "", { "dependencies": { "utrie": "^1.0.2" } }, "sha512-FHcKFCZcAha3LwfVBhCQbW2nCNbkZXn7KVUJcsT5/P8YmfsVja0FMPJr0B903j/E69HUphKiV9iQArX8SDYA4w=="],

    "date-fns": ["date-fns@3.6.0", "", {}, "sha512-fRHTG8g/Gif+kSh50gaGEdToemgfj74aRX3swtiouboip5JDLAyDE9F11nHMIcvOaXeOC6D7SpNhi7uFyB7Uww=="],

    "dompurify": ["dompurify@3.4.14", "", { "optionalDependencies": { "@types/trusted-types": "^2.0.7" } }, "sha512-dVoH9z+MY+C9IilgGCk3YfFqjLi3fChm2OiKJMzh6axrJ5qwxqWaZamgmHrpv22CN/KdbZJuGEGgfQoL00LTdg=="],

    "esbuild": ["esbuild@0.28.2", "", { "optionalDependencies": { "@esbuild/aix-ppc64": "0.28.2", "@esbuild/android-arm": "0.28.2", "@esbuild/android-arm64": "0.28.2", "@esbuild/android-x64": "0.28.2", "@esbuild/darwin-arm64": "0.28.2", "@esbuild/darwin-x64": "0.28.2", "@esbuild/freebsd-arm64": "0.28.2", "@esbuild/freebsd-x64": "0.28.2", "@esbuild/linux-arm": "0.28.2", "@esbuild/linux-arm64": "0.28.2", "@esbuild/linux-ia32": "0.28.2", "@esbuild/linux-loong64": "0.28.2", "@esbuild/linux-mips64el": "0.28.2", "@esbuild/linux-ppc64": "0.28.2", "@esbuild/linux-riscv64": "0.28.2", "@esbuild/linux-s390x": "0.28.2", "@esbuild/linux-x64": "0.28.2", "@esbuild/netbsd-arm64": "0.28.2", "@esbuild/netbsd-x64": "0.28.2", "@esbuild/openbsd-arm64": "0.28.2", "@esbuild/openbsd-x64": "0.28.2", "@esbuild/openharmony-arm64": "0.28.2", "@esbuild/sunos-x64": "0.28.2", "@esbuild/win32-arm64": "0.28.2", "@esbuild/win32-ia32": "0.28.2", "@esbuild/win32-x64": "0.28.2" }, "bin": "bin/esbuild" }, "sha512-HKVLS8dvII+xoKW9kmqxbRKrnWEXfJJr/FZhhJmiqIB0e053QNYFqOBouTMO/k5sID4MvCiUCvv8b9M4h32wIA=="],

    "fast-png": ["fast-png@6.4.0", "", { "dependencies": { "@types/pako": "^2.0.3", "iobuffer": "^5.3.2", "pako": "^2.1.0" } }, "sha512-kAqZq1TlgBjZcLr5mcN6NP5Rv4V2f22z00c3g8vRrwkcqjerx7BEhPbOnWCPqaHUl2XWQBJQvOT/FQhdMT7X/Q=="],

    "fflate": ["fflate@0.8.3", "", {}, "sha512-tbZNuJrLwGUp3zshBtdy4W+ORxZuIh8a5ilyIEQDC5rY1f3U20JMry0Ll3WBzU58EZKsEuJFXhb5gwv8CsPvgA=="],

    "html2canvas": ["html2canvas@1.4.1", "", { "dependencies": { "css-line-break": "^2.1.0", "text-segmentation": "^1.0.3" } }, "sha512-fPU6BHNpsyIhr8yyMpTLLxAbkaK8ArIBcmZIRiBLiDhjeqvXolaEmDGmELFuX9I4xDcaKKcJl+TKZLqruBbmWA=="],

    "iobuffer": ["iobuffer@5.4.0", "", {}, "sha512-DRebOWuqDvxunfkNJAlc3IzWIPD5xVxwUNbHr7xKB8E6aLJxIPfNX3CoMJghcFjpv6RWQsrcJbghtEwSPoJqMA=="],

    "jspdf": ["jspdf@4.2.1", "", { "dependencies": { "@babel/runtime": "^7.28.6", "fast-png": "^6.2.0", "fflate": "^0.8.1" }, "optionalDependencies": { "canvg": "^3.0.11", "core-js": "^3.6.0", "dompurify": "^3.3.1", "html2canvas": "^1.0.0-rc.5" } }, "sha512-YyAXyvnmjTbR4bHQRLzex3CuINCDlQnBqoSYyjJwTP2x9jDLuKDzy7aKUl0hgx3uhcl7xzg32agn5vlie6HIlQ=="],

    "pako": ["pako@2.2.0", "", {}, "sha512-zJq6RP/5q+TO2OpFV3FHzlPnFjmkb7Nc99a5SNjJE+uu/PkpChs+NIZSSzbBoD+6kjiISXjfYdwj1ZRQ81dz/w=="],

    "performance-now": ["performance-now@2.1.0", "", {}, "sha512-7EAHlyLHI56VEIdK57uwHdHKIaAGbnXPiw0yWbarQZOKaKpvUIgW0jWRVLiatnM+XXlSwsanIBH/hzGMJulMow=="],

    "raf": ["raf@3.4.1", "", { "dependencies": { "performance-now": "^2.1.0" } }, "sha512-Sq4CW4QhwOHE8ucn6J34MqtZCeWFP2aQSmrlroYgqAV1PjStIhJXxYuTgUIfkEk7zTLjmIjLmU5q+fbD1NnOJA=="],

    "react": ["react@19.2.8", "", {}, "sha512-PWaYA1L/q9u2u7xYQi+Y3L3Yfnie7XyLeaJICV1MGD6LprsBxcAqGjYyr0eY3p+QdsA+x/Irkt4Qif8D63+Sbw=="],

    "react-dom": ["react-dom@19.2.8", "", { "dependencies": { "scheduler": "^0.27.0" }, "peerDependencies": { "react": "^19.2.8" } }, "sha512-rVprimfGBG3DR+Tq0IQG2DT5PxKth1WIGDmj5yPmlzr4YBe7uyE+Du4oVqTDXZSHGGGXRtTJEGSSePyQCMBglQ=="],

    "regenerator-runtime": ["regenerator-runtime@0.13.11", "", {}, "sha512-kY1AZVr2Ra+t+piVaJ4gxaFaReZVH40AKNo7UCX6W+dEwBo/2oZJzqfuN1qLq1oL45o56cPaTXELwrTh8Fpggg=="],

    "rgbcolor": ["rgbcolor@1.0.1", "", {}, "sha512-9aZLIrhRaD97sgVhtJOW6ckOEh6/GnvQtdVNfdZ6s67+3/XwLS9lBcQYzEEhYVeUowN7pRzMLsyGhK2i/xvWbw=="],

    "scheduler": ["scheduler@0.27.0", "", {}, "sha512-eNv+WrVbKu1f3vbYJT/xtiF5syA5HPIMtf9IgY/nKg0sWqzAUEvqY/xm7OcZc/qafLx/iO9FgOmeSAp4v5ti/Q=="],

    "stackblur-canvas": ["stackblur-canvas@2.7.0", "", {}, "sha512-yf7OENo23AGJhBriGx0QivY5JP6Y1HbrrDI6WLt6C5auYZXlQrheoY8hD4ibekFKz1HOfE48Ww8kMWMnJD/zcQ=="],

    "svg-pathdata": ["svg-pathdata@6.0.3", "", {}, "sha512-qsjeeq5YjBZ5eMdFuUa4ZosMLxgr5RZ+F+Y1OrDhuOCEInRMA3x74XdBtggJcj9kOeInz0WE+LgCPDkZFlBYJw=="],

    "text-segmentation": ["text-segmentation@1.0.3", "", { "dependencies": { "utrie": "^1.0.2" } }, "sha512-iOiPUo/BGnZ6+54OsWxZidGCsdU8YbE4PSpdPinp7DeMtUJNJBoJ/ouUSTJjHkh1KntHaltHl/gDs2FC4i5+Nw=="],

    "utrie": ["utrie@1.0.2", "", { "dependencies": { "base64-arraybuffer": "^1.0.2" } }, "sha512-1MLa5ouZiOmQzUbjbu9VmjLzn1QLXBhwpUa7kdLUQK+KQ5KA9I1vk5U4YHe/X2Ch7PYnJfWuWT+VbuxbGwljhw=="],

    "wx-react-gantt": ["wx-react-gantt@1.3.1", "", { "peerDependencies": { "react": "^18.3.1", "react-dom": "^18.3.1" } }, "sha512-Ua1hrMXfXENjhTVFBDf9D2mTXsw8BEHUDUUgnjDyQ4iXDEd5ueZGoUiCpBSX85XCDC8zIlm2f0KfuVSYNLuMRA=="],

    "@svar-ui/filter-store/@svar-ui/lib-state": ["@svar-ui/lib-state@1.9.6", "", {}, "sha512-twoHa8wZvzdxtES68s6Wnp4Xi1WivScNaFFK6sJ6WDgqVYOzJw0ZhVVrdwHQgieLITTKl/DYh/U3nuqtMetKYw=="],

    "@svar-ui/grid-data-provider/@svar-ui/lib-data-provider": ["@svar-ui/lib-data-provider@1.7.2", "", { "dependencies": { "@svar-ui/lib-state": "1.9.6" } }, "sha512-Od93Iiy0vBwVzgJm25WdizH3d4Xlli/HAA2kqoUj1pzeZ2SWBeFzvE59iihQz8NuIlfAtQJ6MMe168458T+2lQ=="],

    "@svar-ui/grid-store/@svar-ui/lib-dom": ["@svar-ui/lib-dom@0.12.1", "", {}, "sha512-srvDleQqR6stBBDijCgzDHMFTTffI6sv3XCpNPKmurrnE83L1MDNqezqg6j3+0dUVPd4AAEGOez2DvK6byblTQ=="],

    "@svar-ui/grid-store/@svar-ui/lib-state": ["@svar-ui/lib-state@1.9.6", "", {}, "sha512-twoHa8wZvzdxtES68s6Wnp4Xi1WivScNaFFK6sJ6WDgqVYOzJw0ZhVVrdwHQgieLITTKl/DYh/U3nuqtMetKYw=="],

    "@svar-ui/lib-data-provider/@svar-ui/lib-state": ["@svar-ui/lib-state@1.9.6", "", {}, "sha512-twoHa8wZvzdxtES68s6Wnp4Xi1WivScNaFFK6sJ6WDgqVYOzJw0ZhVVrdwHQgieLITTKl/DYh/U3nuqtMetKYw=="],

    "@svar-ui/lib-react/@svar-ui/lib-dom": ["@svar-ui/lib-dom@0.12.2", "", {}, "sha512-tV9sJ7Xpedxf1dttTc8I190eqlP0UsassUw48uW3JuEQR0G3IRfmH53/X+mYEooc7bcpZDkzYukWEqJeEq9UlQ=="],

    "@svar-ui/react-core/@svar-ui/lib-react": ["@svar-ui/lib-react@1.2.2", "", { "dependencies": { "@svar-ui/lib-dom": "^0.11.1" } }, "sha512-bB+Vou2NM0JhMuFW03MsjjoV5Y3xcFfuuK48+7uzUC9Ui1oSWpCK+txOZ+dnUFJISSVjSsXuF34AzMw/2CA63w=="],

    "@svar-ui/grid-data-provider/@svar-ui/lib-data-provider/@svar-ui/lib-state": ["@svar-ui/lib-state@1.9.6", "", {}, "sha512-twoHa8wZvzdxtES68s6Wnp4Xi1WivScNaFFK6sJ6WDgqVYOzJw0ZhVVrdwHQgieLITTKl/DYh/U3nuqtMetKYw=="],

    "@svar-ui/react-core/@svar-ui/lib-react/@svar-ui/lib-dom": ["@svar-ui/lib-dom@0.11.1", "", {}, "sha512-4wgerhDVttvrQ9t6OjHur34Of+VVr2VygA16HHGcWHytgdnOuGgfZb5PeBEhCJw/pO3RKfJvBHbaMIzL4IR//g=="],
  }
}
